// !$*UTF8*$!
{
	archiveVersion = 1;
	classes = {
	};
	objectVersion = 60;
	objects = {

/* Begin PBXBuildFile section */
		02A36B092C7DC24D0068230C /* airbnbcloneApp.swift in Sources */ = {isa = PBXBuildFile; fileRef = 02A36B082C7DC24D0068230C /* airbnbcloneApp.swift */; };
		02A36B0B2C7DC24D0068230C /* Explore.swift in Sources */ = {isa = PBXBuildFile; fileRef = 02A36B0A2C7DC24D0068230C /* Explore.swift */; };
		02A36B0D2C7DC24E0068230C /* Assets.xcassets in Resources */ = {isa = PBXBuildFile; fileRef = 02A36B0C2C7DC24E0068230C /* Assets.xcassets */; };
		02A36B102C7DC24E0068230C /* Preview Assets.xcassets in Resources */ = {isa = PBXBuildFile; fileRef = 02A36B0F2C7DC24E0068230C /* Preview Assets.xcassets */; };
		02A36B182C7DC2D90068230C /* Apollo in Frameworks */ = {isa = PBXBuildFile; productRef = 02A36B172C7DC2D90068230C /* Apollo */; };
		02A36B1A2C7DC2D90068230C /* ApolloAPI in Frameworks */ = {isa = PBXBuildFile; productRef = 02A36B192C7DC2D90068230C /* ApolloAPI */; };
		02A36B242C7DC4B50068230C /* Icons.graphql in Resources */ = {isa = PBXBuildFile; fileRef = 02A36B232C7DC4B50068230C /* Icons.graphql */; };
		02A36B272C7DC7A80068230C /* AirbnbcloneAPI in Frameworks */ = {isa = PBXBuildFile; productRef = 02A36B262C7DC7A80068230C /* AirbnbcloneAPI */; };
		02A36B2A2C7DC8C40068230C /* WishlistView.swift in Sources */ = {isa = PBXBuildFile; fileRef = 02A36B292C7DC8C40068230C /* WishlistView.swift */; };
		02A36B2C2C7DC8D40068230C /* TripsView.swift in Sources */ = {isa = PBXBuildFile; fileRef = 02A36B2B2C7DC8D40068230C /* TripsView.swift */; };
		02A36B2F2C7DC8ED0068230C /* InboxView.swift in Sources */ = {isa = PBXBuildFile; fileRef = 02A36B2E2C7DC8ED0068230C /* InboxView.swift */; };
		02A36B312C7DC8FF0068230C /* LoginView.swift in Sources */ = {isa = PBXBuildFile; fileRef = 02A36B302C7DC8FF0068230C /* LoginView.swift */; };
		02A36B332C7DCC530068230C /* HomeView.swift in Sources */ = {isa = PBXBuildFile; fileRef = 02A36B322C7DCC530068230C /* HomeView.swift */; };
		02A36B362C7DCF9C0068230C /* ExploreViewModel.swift in Sources */ = {isa = PBXBuildFile; fileRef = 02A36B352C7DCF9C0068230C /* ExploreViewModel.swift */; };
		02A36B382C7DD00F0068230C /* Network.swift in Sources */ = {isa = PBXBuildFile; fileRef = 02A36B372C7DD00F0068230C /* Network.swift */; };
		02A36B3A2C7DD3350068230C /* IconRow.swift in Sources */ = {isa = PBXBuildFile; fileRef = 02A36B392C7DD3350068230C /* IconRow.swift */; };
		02A36B3C2C7DE0240068230C /* ListingDetailsView.swift in Sources */ = {isa = PBXBuildFile; fileRef = 02A36B3B2C7DE0240068230C /* ListingDetailsView.swift */; };
		02A36B3E2C7DE0960068230C /* ListingDetailsViewModel.swift in Sources */ = {isa = PBXBuildFile; fileRef = 02A36B3D2C7DE0960068230C /* ListingDetailsViewModel.swift */; };
		02A36B402C7DE44D0068230C /* ListingDetails.graphql in Resources */ = {isa = PBXBuildFile; fileRef = 02A36B3F2C7DE44D0068230C /* ListingDetails.graphql */; };
/* End PBXBuildFile section */

/* Begin PBXFileReference section */
		02A36B052C7DC24D0068230C /* airbnbclone.app */ = {isa = PBXFileReference; explicitFileType = wrapper.application; includeInIndex = 0; path = airbnbclone.app; sourceTree = BUILT_PRODUCTS_DIR; };
		02A36B082C7DC24D0068230C /* airbnbcloneApp.swift */ = {isa = PBXFileReference; lastKnownFileType = sourcecode.swift; path = airbnbcloneApp.swift; sourceTree = "<group>"; };
		02A36B0A2C7DC24D0068230C /* Explore.swift */ = {isa = PBXFileReference; lastKnownFileType = sourcecode.swift; path = Explore.swift; sourceTree = "<group>"; };
		02A36B0C2C7DC24E0068230C /* Assets.xcassets */ = {isa = PBXFileReference; lastKnownFileType = folder.assetcatalog; path = Assets.xcassets; sourceTree = "<group>"; };
		02A36B0F2C7DC24E0068230C /* Preview Assets.xcassets */ = {isa = PBXFileReference; lastKnownFileType = folder.assetcatalog; path = "Preview Assets.xcassets"; sourceTree = "<group>"; };
		02A36B232C7DC4B50068230C /* Icons.graphql */ = {isa = PBXFileReference; lastKnownFileType = text; path = Icons.graphql; sourceTree = "<group>"; };
		02A36B292C7DC8C40068230C /* WishlistView.swift */ = {isa = PBXFileReference; lastKnownFileType = sourcecode.swift; path = WishlistView.swift; sourceTree = "<group>"; };
		02A36B2B2C7DC8D40068230C /* TripsView.swift */ = {isa = PBXFileReference; lastKnownFileType = sourcecode.swift; path = TripsView.swift; sourceTree = "<group>"; };
		02A36B2E2C7DC8ED0068230C /* InboxView.swift */ = {isa = PBXFileReference; lastKnownFileType = sourcecode.swift; path = InboxView.swift; sourceTree = "<group>"; };
		02A36B302C7DC8FF0068230C /* LoginView.swift */ = {isa = PBXFileReference; lastKnownFileType = sourcecode.swift; path = LoginView.swift; sourceTree = "<group>"; };
		02A36B322C7DCC530068230C /* HomeView.swift */ = {isa = PBXFileReference; lastKnownFileType = sourcecode.swift; path = HomeView.swift; sourceTree = "<group>"; };
		02A36B352C7DCF9C0068230C /* ExploreViewModel.swift */ = {isa = PBXFileReference; lastKnownFileType = sourcecode.swift; path = ExploreViewModel.swift; sourceTree = "<group>"; };
		02A36B372C7DD00F0068230C /* Network.swift */ = {isa = PBXFileReference; lastKnownFileType = sourcecode.swift; path = Network.swift; sourceTree = "<group>"; };
		02A36B392C7DD3350068230C /* IconRow.swift */ = {isa = PBXFileReference; lastKnownFileType = sourcecode.swift; path = IconRow.swift; sourceTree = "<group>"; };
		02A36B3B2C7DE0240068230C /* ListingDetailsView.swift */ = {isa = PBXFileReference; lastKnownFileType = sourcecode.swift; path = ListingDetailsView.swift; sourceTree = "<group>"; };
		02A36B3D2C7DE0960068230C /* ListingDetailsViewModel.swift */ = {isa = PBXFileReference; lastKnownFileType = sourcecode.swift; path = ListingDetailsViewModel.swift; sourceTree = "<group>"; };
		02A36B3F2C7DE44D0068230C /* ListingDetails.graphql */ = {isa = PBXFileReference; lastKnownFileType = text; path = ListingDetails.graphql; sourceTree = "<group>"; };
/* End PBXFileReference section */

/* Begin PBXFrameworksBuildPhase section */
		02A36B022C7DC24D0068230C /* Frameworks */ = {
			isa = PBXFrameworksBuildPhase;
			buildActionMask = 2147483647;
			files = (
				02A36B272C7DC7A80068230C /* AirbnbcloneAPI in Frameworks */,
				02A36B1A2C7DC2D90068230C /* ApolloAPI in Frameworks */,
				02A36B182C7DC2D90068230C /* Apollo in Frameworks */,
			);
			runOnlyForDeploymentPostprocessing = 0;
		};
/* End PBXFrameworksBuildPhase section */

/* Begin PBXGroup section */
		02A36AFC2C7DC24D0068230C = {
			isa = PBXGroup;
			children = (
				02A36B072C7DC24D0068230C /* airbnbclone */,
				02A36B062C7DC24D0068230C /* Products */,
			);
			sourceTree = "<group>";
		};
		02A36B062C7DC24D0068230C /* Products */ = {
			isa = PBXGroup;
			children = (
				02A36B052C7DC24D0068230C /* airbnbclone.app */,
			);
			name = Products;
			sourceTree = "<group>";
		};
		02A36B072C7DC24D0068230C /* airbnbclone */ = {
			isa = PBXGroup;
			children = (
				02A36B342C7DCF7D0068230C /* ViewModel */,
				02A36B282C7DC8020068230C /* View */,
				02A36B1B2C7DC2F80068230C /* Data */,
				02A36B082C7DC24D0068230C /* airbnbcloneApp.swift */,
				02A36B0C2C7DC24E0068230C /* Assets.xcassets */,
				02A36B0E2C7DC24E0068230C /* Preview Content */,
				02A36B372C7DD00F0068230C /* Network.swift */,
			);
			path = airbnbclone;
			sourceTree = "<group>";
		};
		02A36B0E2C7DC24E0068230C /* Preview Content */ = {
			isa = PBXGroup;
			children = (
				02A36B0F2C7DC24E0068230C /* Preview Assets.xcassets */,
			);
			path = "Preview Content";
			sourceTree = "<group>";
		};
		02A36B1B2C7DC2F80068230C /* Data */ = {
			isa = PBXGroup;
			children = (
				02A36B1D2C7DC3100068230C /* Operations */,
				02A36B1C2C7DC3080068230C /* Core */,
			);
			path = Data;
			sourceTree = "<group>";
		};
		02A36B1C2C7DC3080068230C /* Core */ = {
			isa = PBXGroup;
			children = (
			);
			path = Core;
			sourceTree = "<group>";
		};
		02A36B1D2C7DC3100068230C /* Operations */ = {
			isa = PBXGroup;
			children = (
				02A36B202C7DC3300068230C /* Mutation */,
				02A36B1F2C7DC3240068230C /* Query */,
				02A36B1E2C7DC31B0068230C /* Fragment */,
			);
			path = Operations;
			sourceTree = "<group>";
		};
		02A36B1E2C7DC31B0068230C /* Fragment */ = {
			isa = PBXGroup;
			children = (
			);
			path = Fragment;
			sourceTree = "<group>";
		};
		02A36B1F2C7DC3240068230C /* Query */ = {
			isa = PBXGroup;
			children = (
				02A36B232C7DC4B50068230C /* Icons.graphql */,
				02A36B3F2C7DE44D0068230C /* ListingDetails.graphql */,
			);
			path = Query;
			sourceTree = "<group>";
		};
		02A36B202C7DC3300068230C /* Mutation */ = {
			isa = PBXGroup;
			children = (
			);
			path = Mutation;
			sourceTree = "<group>";
		};
		02A36B282C7DC8020068230C /* View */ = {
			isa = PBXGroup;
			children = (
				02A36B0A2C7DC24D0068230C /* Explore.swift */,
				02A36B292C7DC8C40068230C /* WishlistView.swift */,
				02A36B2B2C7DC8D40068230C /* TripsView.swift */,
				02A36B2E2C7DC8ED0068230C /* InboxView.swift */,
				02A36B302C7DC8FF0068230C /* LoginView.swift */,
				02A36B322C7DCC530068230C /* HomeView.swift */,
				02A36B392C7DD3350068230C /* IconRow.swift */,
				02A36B3B2C7DE0240068230C /* ListingDetailsView.swift */,
			);
			path = View;
			sourceTree = "<group>";
		};
		02A36B342C7DCF7D0068230C /* ViewModel */ = {
			isa = PBXGroup;
			children = (
				02A36B352C7DCF9C0068230C /* ExploreViewModel.swift */,
				02A36B3D2C7DE0960068230C /* ListingDetailsViewModel.swift */,
			);
			path = ViewModel;
			sourceTree = "<group>";
		};
/* End PBXGroup section */

/* Begin PBXNativeTarget section */
		02A36B042C7DC24D0068230C /* airbnbclone */ = {
			isa = PBXNativeTarget;
			buildConfigurationList = 02A36B132C7DC24E0068230C /* Build configuration list for PBXNativeTarget "airbnbclone" */;
			buildPhases = (
				02A36B012C7DC24D0068230C /* Sources */,
				02A36B022C7DC24D0068230C /* Frameworks */,
				02A36B032C7DC24D0068230C /* Resources */,
			);
			buildRules = (
			);
			dependencies = (
			);
			name = airbnbclone;
			packageProductDependencies = (
				02A36B172C7DC2D90068230C /* Apollo */,
				02A36B192C7DC2D90068230C /* ApolloAPI */,
				02A36B262C7DC7A80068230C /* AirbnbcloneAPI */,
			);
			productName = airbnbclone;
			productReference = 02A36B052C7DC24D0068230C /* airbnbclone.app */;
			productType = "com.apple.product-type.application";
		};
/* End PBXNativeTarget section */

/* Begin PBXProject section */
		02A36AFD2C7DC24D0068230C /* Project object */ = {
			isa = PBXProject;
			attributes = {
				BuildIndependentTargetsInParallel = 1;
				LastSwiftUpdateCheck = 1540;
				LastUpgradeCheck = 1540;
				TargetAttributes = {
					02A36B042C7DC24D0068230C = {
						CreatedOnToolsVersion = 15.4;
					};
				};
			};
			buildConfigurationList = 02A36B002C7DC24D0068230C /* Build configuration list for PBXProject "airbnbclone" */;
			compatibilityVersion = "Xcode 14.0";
			developmentRegion = en;
			hasScannedForEncodings = 0;
			knownRegions = (
				en,
				Base,
			);
			mainGroup = 02A36AFC2C7DC24D0068230C;
			packageReferences = (
				02A36B162C7DC2D80068230C /* XCRemoteSwiftPackageReference "apollo-ios" */,
				02A36B252C7DC7A70068230C /* XCLocalSwiftPackageReference "airbnbclone/Data/airbnbcloneAPI" */,
			);
			productRefGroup = 02A36B062C7DC24D0068230C /* Products */;
			projectDirPath = "";
			projectRoot = "";
			targets = (
				02A36B042C7DC24D0068230C /* airbnbclone */,
			);
		};
/* End PBXProject section */

/* Begin PBXResourcesBuildPhase section */
		02A36B032C7DC24D0068230C /* Resources */ = {
			isa = PBXResourcesBuildPhase;
			buildActionMask = 2147483647;
			files = (
				02A36B242C7DC4B50068230C /* Icons.graphql in Resources */,
				02A36B102C7DC24E0068230C /* Preview Assets.xcassets in Resources */,
				02A36B0D2C7DC24E0068230C /* Assets.xcassets in Resources */,
				02A36B402C7DE44D0068230C /* ListingDetails.graphql in Resources */,
			);
			runOnlyForDeploymentPostprocessing = 0;
		};
/* End PBXResourcesBuildPhase section */

/* Begin PBXSourcesBuildPhase section */
		02A36B012C7DC24D0068230C /* Sources */ = {
			isa = PBXSourcesBuildPhase;
			buildActionMask = 2147483647;
			files = (
				02A36B3E2C7DE0960068230C /* ListingDetailsViewModel.swift in Sources */,
				02A36B312C7DC8FF0068230C /* LoginView.swift in Sources */,
				02A36B332C7DCC530068230C /* HomeView.swift in Sources */,
				02A36B0B2C7DC24D0068230C /* Explore.swift in Sources */,
				02A36B3A2C7DD3350068230C /* IconRow.swift in Sources */,
				02A36B2A2C7DC8C40068230C /* WishlistView.swift in Sources */,
				02A36B362C7DCF9C0068230C /* ExploreViewModel.swift in Sources */,
				02A36B382C7DD00F0068230C /* Network.swift in Sources */,
				02A36B2F2C7DC8ED0068230C /* InboxView.swift in Sources */,
				02A36B092C7DC24D0068230C /* airbnbcloneApp.swift in Sources */,
				02A36B2C2C7DC8D40068230C /* TripsView.swift in Sources */,
				02A36B3C2C7DE0240068230C /* ListingDetailsView.swift in Sources */,
			);
			runOnlyForDeploymentPostprocessing = 0;
		};
/* End PBXSourcesBuildPhase section */

/* Begin XCBuildConfiguration section */
		02A36B112C7DC24E0068230C /* Debug */ = {
			isa = XCBuildConfiguration;
			buildSettings = {
				ALWAYS_SEARCH_USER_PATHS = NO;
				ASSETCATALOG_COMPILER_GENERATE_SWIFT_ASSET_SYMBOL_EXTENSIONS = YES;
				CLANG_ANALYZER_NONNULL = YES;
				CLANG_ANALYZER_NUMBER_OBJECT_CONVERSION = YES_AGGRESSIVE;
				CLANG_CXX_LANGUAGE_STANDARD = "gnu++20";
				CLANG_ENABLE_MODULES = YES;
				CLANG_ENABLE_OBJC_ARC = YES;
				CLANG_ENABLE_OBJC_WEAK = YES;
				CLANG_WARN_BLOCK_CAPTURE_AUTORELEASING = YES;
				CLANG_WARN_BOOL_CONVERSION = YES;
				CLANG_WARN_COMMA = YES;
				CLANG_WARN_CONSTANT_CONVERSION = YES;
				CLANG_WARN_DEPRECATED_OBJC_IMPLEMENTATIONS = YES;
				CLANG_WARN_DIRECT_OBJC_ISA_USAGE = YES_ERROR;
				CLANG_WARN_DOCUMENTATION_COMMENTS = YES;
				CLANG_WARN_EMPTY_BODY = YES;
				CLANG_WARN_ENUM_CONVERSION = YES;
				CLANG_WARN_INFINITE_RECURSION = YES;
				CLANG_WARN_INT_CONVERSION = YES;
				CLANG_WARN_NON_LITERAL_NULL_CONVERSION = YES;
				CLANG_WARN_OBJC_IMPLICIT_RETAIN_SELF = YES;
				CLANG_WARN_OBJC_LITERAL_CONVERSION = YES;
				CLANG_WARN_OBJC_ROOT_CLASS = YES_ERROR;
				CLANG_WARN_QUOTED_INCLUDE_IN_FRAMEWORK_HEADER = YES;
				CLANG_WARN_RANGE_LOOP_ANALYSIS = YES;
				CLANG_WARN_STRICT_PROTOTYPES = YES;
				CLANG_WARN_SUSPICIOUS_MOVE = YES;
				CLANG_WARN_UNGUARDED_AVAILABILITY = YES_AGGRESSIVE;
				CLANG_WARN_UNREACHABLE_CODE = YES;
				CLANG_WARN__DUPLICATE_METHOD_MATCH = YES;
				COPY_PHASE_STRIP = NO;
				DEBUG_INFORMATION_FORMAT = dwarf;
				ENABLE_STRICT_OBJC_MSGSEND = YES;
				ENABLE_TESTABILITY = YES;
				ENABLE_USER_SCRIPT_SANDBOXING = YES;
				GCC_C_LANGUAGE_STANDARD = gnu17;
				GCC_DYNAMIC_NO_PIC = NO;
				GCC_NO_COMMON_BLOCKS = YES;
				GCC_OPTIMIZATION_LEVEL = 0;
				GCC_PREPROCESSOR_DEFINITIONS = (
					"DEBUG=1",
					"$(inherited)",
				);
				GCC_WARN_64_TO_32_BIT_CONVERSION = YES;
				GCC_WARN_ABOUT_RETURN_TYPE = YES_ERROR;
				GCC_WARN_UNDECLARED_SELECTOR = YES;
				GCC_WARN_UNINITIALIZED_AUTOS = YES_AGGRESSIVE;
				GCC_WARN_UNUSED_FUNCTION = YES;
				GCC_WARN_UNUSED_VARIABLE = YES;
				IPHONEOS_DEPLOYMENT_TARGET = 17.5;
				LOCALIZATION_PREFERS_STRING_CATALOGS = YES;
				MTL_ENABLE_DEBUG_INFO = INCLUDE_SOURCE;
				MTL_FAST_MATH = YES;
				ONLY_ACTIVE_ARCH = YES;
				SDKROOT = iphoneos;
				SWIFT_ACTIVE_COMPILATION_CONDITIONS = "DEBUG $(inherited)";
				SWIFT_OPTIMIZATION_LEVEL = "-Onone";
			};
			name = Debug;
		};
		02A36B122C7DC24E0068230C /* Release */ = {
			isa = XCBuildConfiguration;
			buildSettings = {
				ALWAYS_SEARCH_USER_PATHS = NO;
				ASSETCATALOG_COMPILER_GENERATE_SWIFT_ASSET_SYMBOL_EXTENSIONS = YES;
				CLANG_ANALYZER_NONNULL = YES;
				CLANG_ANALYZER_NUMBER_OBJECT_CONVERSION = YES_AGGRESSIVE;
				CLANG_CXX_LANGUAGE_STANDARD = "gnu++20";
				CLANG_ENABLE_MODULES = YES;
				CLANG_ENABLE_OBJC_ARC = YES;
				CLANG_ENABLE_OBJC_WEAK = YES;
				CLANG_WARN_BLOCK_CAPTURE_AUTORELEASING = YES;
				CLANG_WARN_BOOL_CONVERSION = YES;
				CLANG_WARN_COMMA = YES;
				CLANG_WARN_CONSTANT_CONVERSION = YES;
				CLANG_WARN_DEPRECATED_OBJC_IMPLEMENTATIONS = YES;
				CLANG_WARN_DIRECT_OBJC_ISA_USAGE = YES_ERROR;
				CLANG_WARN_DOCUMENTATION_COMMENTS = YES;
				CLANG_WARN_EMPTY_BODY = YES;
				CLANG_WARN_ENUM_CONVERSION = YES;
				CLANG_WARN_INFINITE_RECURSION = YES;
				CLANG_WARN_INT_CONVERSION = YES;
				CLANG_WARN_NON_LITERAL_NULL_CONVERSION = YES;
				CLANG_WARN_OBJC_IMPLICIT_RETAIN_SELF = YES;
				CLANG_WARN_OBJC_LITERAL_CONVERSION = YES;
				CLANG_WARN_OBJC_ROOT_CLASS = YES_ERROR;
				CLANG_WARN_QUOTED_INCLUDE_IN_FRAMEWORK_HEADER = YES;
				CLANG_WARN_RANGE_LOOP_ANALYSIS = YES;
				CLANG_WARN_STRICT_PROTOTYPES = YES;
				CLANG_WARN_SUSPICIOUS_MOVE = YES;
				CLANG_WARN_UNGUARDED_AVAILABILITY = YES_AGGRESSIVE;
				CLANG_WARN_UNREACHABLE_CODE = YES;
				CLANG_WARN__DUPLICATE_METHOD_MATCH = YES;
				COPY_PHASE_STRIP = NO;
				DEBUG_INFORMATION_FORMAT = "dwarf-with-dsym";
				ENABLE_NS_ASSERTIONS = NO;
				ENABLE_STRICT_OBJC_MSGSEND = YES;
				ENABLE_USER_SCRIPT_SANDBOXING = YES;
				GCC_C_LANGUAGE_STANDARD = gnu17;
				GCC_NO_COMMON_BLOCKS = YES;
				GCC_WARN_64_TO_32_BIT_CONVERSION = YES;
				GCC_WARN_ABOUT_RETURN_TYPE = YES_ERROR;
				GCC_WARN_UNDECLARED_SELECTOR = YES;
				GCC_WARN_UNINITIALIZED_AUTOS = YES_AGGRESSIVE;
				GCC_WARN_UNUSED_FUNCTION = YES;
				GCC_WARN_UNUSED_VARIABLE = YES;
				IPHONEOS_DEPLOYMENT_TARGET = 17.5;
				LOCALIZATION_PREFERS_STRING_CATALOGS = YES;
				MTL_ENABLE_DEBUG_INFO = NO;
				MTL_FAST_MATH = YES;
				SDKROOT = iphoneos;
				SWIFT_COMPILATION_MODE = wholemodule;
				VALIDATE_PRODUCT = YES;
			};
			name = Release;
		};
		02A36B142C7DC24E0068230C /* Debug */ = {
			isa = XCBuildConfiguration;
			buildSettings = {
				ASSETCATALOG_COMPILER_APPICON_NAME = AppIcon;
				ASSETCATALOG_COMPILER_GLOBAL_ACCENT_COLOR_NAME = AccentColor;
				CODE_SIGN_STYLE = Automatic;
				CURRENT_PROJECT_VERSION = 1;
				DEVELOPMENT_ASSET_PATHS = "\"airbnbclone/Preview Content\"";
				DEVELOPMENT_TEAM = 22L97FCDGW;
				ENABLE_PREVIEWS = YES;
				GENERATE_INFOPLIST_FILE = YES;
				INFOPLIST_KEY_UIApplicationSceneManifest_Generation = YES;
				INFOPLIST_KEY_UIApplicationSupportsIndirectInputEvents = YES;
				INFOPLIST_KEY_UILaunchScreen_Generation = YES;
				INFOPLIST_KEY_UISupportedInterfaceOrientations_iPad = "UIInterfaceOrientationPortrait UIInterfaceOrientationPortraitUpsideDown UIInterfaceOrientationLandscapeLeft UIInterfaceOrientationLandscapeRight";
				INFOPLIST_KEY_UISupportedInterfaceOrientations_iPhone = "UIInterfaceOrientationPortrait UIInterfaceOrientationLandscapeLeft UIInterfaceOrientationLandscapeRight";
				LD_RUNPATH_SEARCH_PATHS = (
					"$(inherited)",
					"@executable_path/Frameworks",
				);
				MARKETING_VERSION = 1.0;
				PRODUCT_BUNDLE_IDENTIFIER = com.sabelo.airbnbclone;
				PRODUCT_NAME = "$(TARGET_NAME)";
				SWIFT_EMIT_LOC_STRINGS = YES;
				SWIFT_VERSION = 5.0;
				TARGETED_DEVICE_FAMILY = "1,2";
			};
			name = Debug;
		};
		02A36B152C7DC24E0068230C /* Release */ = {
			isa = XCBuildConfiguration;
			buildSettings = {
				ASSETCATALOG_COMPILER_APPICON_NAME = AppIcon;
				ASSETCATALOG_COMPILER_GLOBAL_ACCENT_COLOR_NAME = AccentColor;
				CODE_SIGN_STYLE = Automatic;
				CURRENT_PROJECT_VERSION = 1;
				DEVELOPMENT_ASSET_PATHS = "\"airbnbclone/Preview Content\"";
				DEVELOPMENT_TEAM = 22L97FCDGW;
				ENABLE_PREVIEWS = YES;
				GENERATE_INFOPLIST_FILE = YES;
				INFOPLIST_KEY_UIApplicationSceneManifest_Generation = YES;
				INFOPLIST_KEY_UIApplicationSupportsIndirectInputEvents = YES;
				INFOPLIST_KEY_UILaunchScreen_Generation = YES;
				INFOPLIST_KEY_UISupportedInterfaceOrientations_iPad = "UIInterfaceOrientationPortrait UIInterfaceOrientationPortraitUpsideDown UIInterfaceOrientationLandscapeLeft UIInterfaceOrientationLandscapeRight";
				INFOPLIST_KEY_UISupportedInterfaceOrientations_iPhone = "UIInterfaceOrientationPortrait UIInterfaceOrientationLandscapeLeft UIInterfaceOrientationLandscapeRight";
				LD_RUNPATH_SEARCH_PATHS = (
					"$(inherited)",
					"@executable_path/Frameworks",
				);
				MARKETING_VERSION = 1.0;
				PRODUCT_BUNDLE_IDENTIFIER = com.sabelo.airbnbclone;
				PRODUCT_NAME = "$(TARGET_NAME)";
				SWIFT_EMIT_LOC_STRINGS = YES;
				SWIFT_VERSION = 5.0;
				TARGETED_DEVICE_FAMILY = "1,2";
			};
			name = Release;
		};
/* End XCBuildConfiguration section */

/* Begin XCConfigurationList section */
		02A36B002C7DC24D0068230C /* Build configuration list for PBXProject "airbnbclone" */ = {
			isa = XCConfigurationList;
			buildConfigurations = (
				02A36B112C7DC24E0068230C /* Debug */,
				02A36B122C7DC24E0068230C /* Release */,
			);
			defaultConfigurationIsVisible = 0;
			defaultConfigurationName = Release;
		};
		02A36B132C7DC24E0068230C /* Build configuration list for PBXNativeTarget "airbnbclone" */ = {
			isa = XCConfigurationList;
			buildConfigurations = (
				02A36B142C7DC24E0068230C /* Debug */,
				02A36B152C7DC24E0068230C /* Release */,
			);
			defaultConfigurationIsVisible = 0;
			defaultConfigurationName = Release;
		};
/* End XCConfigurationList section */

/* Begin XCLocalSwiftPackageReference section */
		02A36B252C7DC7A70068230C /* XCLocalSwiftPackageReference "airbnbclone/Data/airbnbcloneAPI" */ = {
			isa = XCLocalSwiftPackageReference;
			relativePath = airbnbclone/Data/airbnbcloneAPI;
		};
/* End XCLocalSwiftPackageReference section */

/* Begin XCRemoteSwiftPackageReference section */
		02A36B162C7DC2D80068230C /* XCRemoteSwiftPackageReference "apollo-ios" */ = {
			isa = XCRemoteSwiftPackageReference;
			repositoryURL = "https://github.com/apollographql/apollo-ios.git";
			requirement = {
				kind = upToNextMajorVersion;
				minimumVersion = 1.15.1;
			};
		};
/* End XCRemoteSwiftPackageReference section */

/* Begin XCSwiftPackageProductDependency section */
		02A36B172C7DC2D90068230C /* Apollo */ = {
			isa = XCSwiftPackageProductDependency;
			package = 02A36B162C7DC2D80068230C /* XCRemoteSwiftPackageReference "apollo-ios" */;
			productName = Apollo;
		};
		02A36B192C7DC2D90068230C /* ApolloAPI */ = {
			isa = XCSwiftPackageProductDependency;
			package = 02A36B162C7DC2D80068230C /* XCRemoteSwiftPackageReference "apollo-ios" */;
			productName = ApolloAPI;
		};
		02A36B262C7DC7A80068230C /* AirbnbcloneAPI */ = {
			isa = XCSwiftPackageProductDependency;
			productName = AirbnbcloneAPI;
		};
/* End XCSwiftPackageProductDependency section */
	};
	rootObject = 02A36AFD2C7DC24D0068230C /* Project object */;
}
